{
  "name": "transcend",
  "lockfileVersion": 2,
  "requires": true,
  "packages": {
    "": {
      "dependencies": {
        "htmx": "^0.0.2"
      }
    },
    "node_modules/htmx": {
      "version": "0.0.2",
      "resolved": "https://registry.npmjs.org/htmx/-/htmx-0.0.2.tgz",
      "integrity": "sha512-FfUo3ynRYr6Ra4vqmS4Nq9g47607FSmvHYCOuU8bvbW8s4kPMhAmCbMBjuW2cEZI6DauaFNZKinfgV91cc9Feg==",
      "bin": {
        "htmx": "htmx.js"
      }
    }
  },
  "dependencies": {
    "htmx": {
      "version": "0.0.2",
      "resolved": "https://registry.npmjs.org/htmx/-/htmx-0.0.2.tgz",
      "integrity": "sha512-FfUo3ynRYr6Ra4vqmS4Nq9g47607FSmvHYCOuU8bvbW8s4kPMhAmCbMBjuW2cEZI6DauaFNZKinfgV91cc9Feg=="
    }
  }
}
